{
    "version": 3,
    "terraform_version": "0.11.4",
    "serial": 11,
    "lineage": "7b46c7ab-2f46-b58a-c8a0-c942e24cd7b7",
    "modules": [
        {
            "path": [
                "root"
            ],
            "outputs": {
                "public_ip": {
                    "sensitive": false,
                    "type": "list",
                    "value": [
                        "35.178.42.112"
                    ]
                }
            },
            "resources": {
                "aws_instance.mysql-instance": {
                    "type": "aws_instance",
                    "depends_on": [
                        "aws_security_group.mysql-securitygroup",
                        "aws_subnet.public_subnet_a",
                        "data.aws_ami.ubuntu"
                    ],
                    "primary": {
                        "id": "i-048514bf252af06a4",
                        "attributes": {
                            "ami": "ami-f4f21593",
                            "associate_public_ip_address": "true",
                            "availability_zone": "eu-west-2a",
                            "disable_api_termination": "false",
                            "ebs_block_device.#": "0",
                            "ebs_optimized": "false",
                            "ephemeral_block_device.#": "0",
                            "get_password_data": "false",
                            "iam_instance_profile": "",
                            "id": "i-048514bf252af06a4",
                            "instance_state": "running",
                            "instance_type": "t2.micro",
                            "ipv6_addresses.#": "0",
                            "key_name": "mysql-lab",
                            "monitoring": "false",
                            "network_interface.#": "0",
                            "network_interface_id": "eni-064a4e8a3d6aaa8e6",
                            "password_data": "",
                            "placement_group": "",
                            "primary_network_interface_id": "eni-064a4e8a3d6aaa8e6",
                            "private_dns": "ip-10-0-0-35.eu-west-2.compute.internal",
                            "private_ip": "10.0.0.35",
                            "public_dns": "ec2-35-178-42-112.eu-west-2.compute.amazonaws.com",
                            "public_ip": "35.178.42.112",
                            "root_block_device.#": "1",
                            "root_block_device.0.delete_on_termination": "true",
                            "root_block_device.0.iops": "100",
                            "root_block_device.0.volume_id": "vol-0f97e0c88a63bbd6f",
                            "root_block_device.0.volume_size": "8",
                            "root_block_device.0.volume_type": "gp2",
                            "security_groups.#": "0",
                            "source_dest_check": "true",
                            "subnet_id": "subnet-0b1fff3acaa49ade7",
                            "tags.%": "2",
                            "tags.Env": "LAB",
                            "tags.Name": "MySQL-LAB",
                            "tenancy": "default",
                            "volume_tags.%": "0",
                            "vpc_security_group_ids.#": "1",
                            "vpc_security_group_ids.297643438": "sg-00a7cffddae1df685"
                        },
                        "meta": {
                            "e2bfb730-ecaa-11e6-8f88-34363bc7c4c0": {
                                "create": 600000000000,
                                "delete": 1200000000000,
                                "update": 600000000000
                            },
                            "schema_version": "1"
                        },
                        "tainted": false
                    },
                    "deposed": [],
                    "provider": "provider.aws"
                },
                "aws_internet_gateway.internet_gateway": {
                    "type": "aws_internet_gateway",
                    "depends_on": [
                        "aws_vpc.vpc"
                    ],
                    "primary": {
                        "id": "igw-054d9b1358ea402a6",
                        "attributes": {
                            "id": "igw-054d9b1358ea402a6",
                            "tags.%": "0",
                            "vpc_id": "vpc-0fcf90ed670d2a67a"
                        },
                        "meta": {},
                        "tainted": false
                    },
                    "deposed": [],
                    "provider": "provider.aws"
                },
                "aws_key_pair.MySQL-LAB": {
                    "type": "aws_key_pair",
                    "depends_on": [],
                    "primary": {
                        "id": "mysql-lab",
                        "attributes": {
                            "id": "mysql-lab",
                            "key_name": "mysql-lab",
                            "public_key": "ssh-rsa AAAAB3NzaC1yc2EAAAADAQABAAACAQC+6hUM/qwRm+2MBL7Vi1AM2CGTM1OBSUESJrI5wtY3eroElA/t/CLnfDatfu5y9GwvvzUFGtLOwvPsqM02ES5cv7OimmocU11cVlP7drsVKVWC9Y2tl+E5c+Yl/oTaihQ7GF97PEhyWLevbG+hGMTi8wKjGVHmTTuf6mGDHq0xFggEwvXoE9wtR4RYpVIDt/qEzdIYnyvy2u208Mlj3w7D6Ho+S62EvDhVR4TUF9wpcQ7ypy58NkwNWgyQXRieZyrToPwzOXDU+XiIwjem2HRRH96csMwgZoUr3G5r92it1oFfw15FU3ERUvgrzFSyRKaAY3yBX3kQzJk7GQszzWKYUQA+dV9Z8cgQ93TdRT+GqTmOTrhVXFzYODAUgn8DXjiJpU841wRUzmA47R3S8Mn8eM3hDF9A4wCniI7smsp+O6JZoCbOY211ZT/fdBF4seLjphqQLOizbOwQL+0AjykLIDRjj0P0GQz73ZyZYcK87FjEM66g/Zvbiy5B5HLxGEg7z4FZ26ZukfsRX/oIavmiaS8n4s88MNbOado4/8TqOzHpWfdSuQNl5UzpkwjUYUNY2rvBvEXzxQpwhOqioplVNuohC8Cg4ZMLOzvm20fSPNFHBfX+VpZoPQjEmvJf8uYxylimOAtxB498JOO7CtaaszEwqfd0hP5XM5Um33Sv1Q== MySQL-LAB"
                        },
                        "meta": {
                            "schema_version": "1"
                        },
                        "tainted": false
                    },
                    "deposed": [],
                    "provider": "provider.aws"
                },
                "aws_route_table.public_routetable": {
                    "type": "aws_route_table",
                    "depends_on": [
                        "aws_internet_gateway.internet_gateway",
                        "aws_vpc.vpc"
                    ],
                    "primary": {
                        "id": "rtb-07f8fa27c36c9a401",
                        "attributes": {
                            "id": "rtb-07f8fa27c36c9a401",
                            "propagating_vgws.#": "0",
                            "route.#": "1",
                            "route.2353329397.cidr_block": "0.0.0.0/0",
                            "route.2353329397.egress_only_gateway_id": "",
                            "route.2353329397.gateway_id": "igw-054d9b1358ea402a6",
                            "route.2353329397.instance_id": "",
                            "route.2353329397.ipv6_cidr_block": "",
                            "route.2353329397.nat_gateway_id": "",
                            "route.2353329397.network_interface_id": "",
                            "route.2353329397.vpc_peering_connection_id": "",
                            "tags.%": "1",
                            "tags.Name": "MySQL-LAB",
                            "vpc_id": "vpc-0fcf90ed670d2a67a"
                        },
                        "meta": {},
                        "tainted": false
                    },
                    "deposed": [],
                    "provider": "provider.aws"
                },
                "aws_route_table_association.public_subnet_a": {
                    "type": "aws_route_table_association",
                    "depends_on": [
                        "aws_route_table.public_routetable",
                        "aws_subnet.public_subnet_a"
                    ],
                    "primary": {
                        "id": "rtbassoc-028df9ef02033c866",
                        "attributes": {
                            "id": "rtbassoc-028df9ef02033c866",
                            "route_table_id": "rtb-07f8fa27c36c9a401",
                            "subnet_id": "subnet-0b1fff3acaa49ade7"
                        },
                        "meta": {},
                        "tainted": false
                    },
                    "deposed": [],
                    "provider": "provider.aws"
                },
                "aws_security_group.mysql-securitygroup": {
                    "type": "aws_security_group",
                    "depends_on": [
                        "aws_vpc.vpc"
                    ],
                    "primary": {
                        "id": "sg-00a7cffddae1df685",
                        "attributes": {
                            "arn": "arn:aws:ec2:eu-west-2:972653970062:security-group/sg-00a7cffddae1df685",
                            "description": "Managed by Terraform",
                            "egress.#": "0",
                            "id": "sg-00a7cffddae1df685",
                            "ingress.#": "1",
                            "ingress.2541437006.cidr_blocks.#": "1",
                            "ingress.2541437006.cidr_blocks.0": "0.0.0.0/0",
                            "ingress.2541437006.description": "",
                            "ingress.2541437006.from_port": "22",
                            "ingress.2541437006.ipv6_cidr_blocks.#": "0",
                            "ingress.2541437006.protocol": "tcp",
                            "ingress.2541437006.security_groups.#": "0",
                            "ingress.2541437006.self": "false",
                            "ingress.2541437006.to_port": "22",
                            "name": "mysql-inbound",
                            "owner_id": "972653970062",
                            "revoke_rules_on_delete": "false",
                            "tags.%": "1",
                            "tags.Name": "MySQL-LAB",
                            "vpc_id": "vpc-0fcf90ed670d2a67a"
                        },
                        "meta": {
                            "e2bfb730-ecaa-11e6-8f88-34363bc7c4c0": {
                                "create": 600000000000,
                                "delete": 600000000000
                            },
                            "schema_version": "1"
                        },
                        "tainted": false
                    },
                    "deposed": [],
                    "provider": "provider.aws"
                },
                "aws_subnet.public_subnet_a": {
                    "type": "aws_subnet",
                    "depends_on": [
                        "aws_vpc.vpc"
                    ],
                    "primary": {
                        "id": "subnet-0b1fff3acaa49ade7",
                        "attributes": {
                            "assign_ipv6_address_on_creation": "false",
                            "availability_zone": "eu-west-2a",
                            "cidr_block": "10.0.0.0/24",
                            "id": "subnet-0b1fff3acaa49ade7",
                            "map_public_ip_on_launch": "true",
                            "tags.%": "1",
                            "tags.Name": "MySQL-LAB",
                            "vpc_id": "vpc-0fcf90ed670d2a67a"
                        },
                        "meta": {
                            "schema_version": "1"
                        },
                        "tainted": false
                    },
                    "deposed": [],
                    "provider": "provider.aws"
                },
                "aws_vpc.vpc": {
                    "type": "aws_vpc",
                    "depends_on": [],
                    "primary": {
                        "id": "vpc-0fcf90ed670d2a67a",
                        "attributes": {
                            "assign_generated_ipv6_cidr_block": "false",
                            "cidr_block": "10.0.0.0/16",
                            "default_network_acl_id": "acl-05e442d523ebdadde",
                            "default_route_table_id": "rtb-0f1ff6968e38c209f",
                            "default_security_group_id": "sg-090ac0f40ef143b69",
                            "dhcp_options_id": "dopt-cde109a4",
                            "enable_dns_hostnames": "true",
                            "enable_dns_support": "true",
                            "id": "vpc-0fcf90ed670d2a67a",
                            "instance_tenancy": "default",
                            "main_route_table_id": "rtb-0f1ff6968e38c209f",
                            "tags.%": "1",
                            "tags.Name": "MySQL-LAB"
                        },
                        "meta": {
                            "schema_version": "1"
                        },
                        "tainted": false
                    },
                    "deposed": [],
                    "provider": "provider.aws"
                },
                "data.aws_ami.ubuntu": {
                    "type": "aws_ami",
                    "depends_on": [],
                    "primary": {
                        "id": "ami-f4f21593",
                        "attributes": {
                            "architecture": "x86_64",
                            "block_device_mappings.#": "3",
                            "block_device_mappings.1634610537.device_name": "/dev/sdb",
                            "block_device_mappings.1634610537.ebs.%": "0",
                            "block_device_mappings.1634610537.no_device": "",
                            "block_device_mappings.1634610537.virtual_name": "ephemeral0",
                            "block_device_mappings.2547816212.device_name": "/dev/sda1",
                            "block_device_mappings.2547816212.ebs.%": "6",
                            "block_device_mappings.2547816212.ebs.delete_on_termination": "true",
                            "block_device_mappings.2547816212.ebs.encrypted": "false",
                            "block_device_mappings.2547816212.ebs.iops": "0",
                            "block_device_mappings.2547816212.ebs.snapshot_id": "snap-0639820a125943936",
                            "block_device_mappings.2547816212.ebs.volume_size": "8",
                            "block_device_mappings.2547816212.ebs.volume_type": "gp2",
                            "block_device_mappings.2547816212.no_device": "",
                            "block_device_mappings.2547816212.virtual_name": "",
                            "block_device_mappings.3850042718.device_name": "/dev/sdc",
                            "block_device_mappings.3850042718.ebs.%": "0",
                            "block_device_mappings.3850042718.no_device": "",
                            "block_device_mappings.3850042718.virtual_name": "ephemeral1",
                            "creation_date": "2018-03-07T08:39:24.000Z",
                            "description": "Canonical, Ubuntu, 16.04 LTS, amd64 xenial image build on 2018-03-06",
                            "filter.#": "2",
                            "filter.3091210551.name": "name",
                            "filter.3091210551.values.#": "1",
                            "filter.3091210551.values.0": "ubuntu/images/hvm-ssd/ubuntu-xenial-16.04-*",
                            "filter.490168357.name": "virtualization-type",
                            "filter.490168357.values.#": "1",
                            "filter.490168357.values.0": "hvm",
                            "hypervisor": "xen",
                            "id": "ami-f4f21593",
                            "image_id": "ami-f4f21593",
                            "image_location": "099720109477/ubuntu/images/hvm-ssd/ubuntu-xenial-16.04-amd64-server-20180306",
                            "image_type": "machine",
                            "most_recent": "true",
                            "name": "ubuntu/images/hvm-ssd/ubuntu-xenial-16.04-amd64-server-20180306",
                            "owner_id": "099720109477",
                            "owners.#": "1",
                            "owners.0": "099720109477",
                            "product_codes.#": "0",
                            "public": "true",
                            "root_device_name": "/dev/sda1",
                            "root_device_type": "ebs",
                            "root_snapshot_id": "snap-0639820a125943936",
                            "sriov_net_support": "simple",
                            "state": "available",
                            "state_reason.%": "2",
                            "state_reason.code": "UNSET",
                            "state_reason.message": "UNSET",
                            "tags.%": "0",
                            "virtualization_type": "hvm"
                        },
                        "meta": {},
                        "tainted": false
                    },
                    "deposed": [],
                    "provider": "provider.aws"
                }
            },
            "depends_on": []
        }
    ]
}
